
Microsoft Visual Studio Solution File, Format Version 12.00
# Visual Studio Version 17
VisualStudioVersion = 17.7.34024.191
MinimumVisualStudioVersion = 10.0.40219.1
Project("{FAE04EC0-301F-11D3-BF4B-00C04F79EFBC}") = "Api-Web-Crud", "Api-Web-Crud.csproj", "{F936935E-7E82-4B27-844E-6EC8C2CEAD34}"
EndProject
Global
	GlobalSection(SolutionConfigurationPlatforms) = preSolution
		Debug|Any CPU = Debug|Any CPU
		Release|Any CPU = Release|Any CPU
	EndGlobalSection
	GlobalSection(ProjectConfigurationPlatforms) = postSolution
		{F936935E-7E82-4B27-844E-6EC8C2CEAD34}.Debug|Any CPU.ActiveCfg = Debug|Any CPU
		{F936935E-7E82-4B27-844E-6EC8C2CEAD34}.Debug|Any CPU.Build.0 = Debug|Any CPU
		{F936935E-7E82-4B27-844E-6EC8C2CEAD34}.Release|Any CPU.ActiveCfg = Release|Any CPU
		{F936935E-7E82-4B27-844E-6EC8C2CEAD34}.Release|Any CPU.Build.0 = Release|Any CPU
	EndGlobalSection
	GlobalSection(SolutionProperties) = preSolution
		HideSolutionNode = FALSE
	EndGlobalSection
	GlobalSection(ExtensibilityGlobals) = postSolution
		SolutionGuid = {416D5E59-C45F-4CD1-8D33-F177FB78B3BA}
	EndGlobalSection
EndGlobal
